
Microsoft Visual Studio Solution File, Format Version 12.00
# Visual Studio Version 17
VisualStudioVersion = 17.11.35303.130
MinimumVisualStudioVersion = 10.0.40219.1
Project("{9A19103F-16F7-4668-BE54-9A1E7A4F7556}") = "WEBlaba2", "WEBlaba2\WEBlaba2.csproj", "{A22A32B7-3B4D-4AE8-BF79-3AFAECE44E1A}"
EndProject
Global
	GlobalSection(SolutionConfigurationPlatforms) = preSolution
		Debug|Any CPU = Debug|Any CPU
		Release|Any CPU = Release|Any CPU
	EndGlobalSection
	GlobalSection(ProjectConfigurationPlatforms) = postSolution
		{A22A32B7-3B4D-4AE8-BF79-3AFAECE44E1A}.Debug|Any CPU.ActiveCfg = Debug|Any CPU
		{A22A32B7-3B4D-4AE8-BF79-3AFAECE44E1A}.Debug|Any CPU.Build.0 = Debug|Any CPU
		{A22A32B7-3B4D-4AE8-BF79-3AFAECE44E1A}.Release|Any CPU.ActiveCfg = Release|Any CPU
		{A22A32B7-3B4D-4AE8-BF79-3AFAECE44E1A}.Release|Any CPU.Build.0 = Release|Any CPU
	EndGlobalSection
	GlobalSection(SolutionProperties) = preSolution
		HideSolutionNode = FALSE
	EndGlobalSection
	GlobalSection(ExtensibilityGlobals) = postSolution
		SolutionGuid = {A4ECBBDC-F5A5-4E04-BD8A-20EF3D5E5825}
	EndGlobalSection
EndGlobal
